
Microsoft Visual Studio Solution File, Format Version 12.00
# Visual Studio 14
VisualStudioVersion = 14.0.25420.1
MinimumVisualStudioVersion = 10.0.40219.1
Project("{2150E333-8FDC-42A3-9474-1A3956D46DE8}") = "src", "src", "{BF7A011E-D902-4D8E-B7CF-B47D75A594A6}"
EndProject
Project("{2150E333-8FDC-42A3-9474-1A3956D46DE8}") = "Solution Items", "Solution Items", "{6456C7D3-4B1F-4FF9-9565-68A7716128D1}"
	ProjectSection(SolutionItems) = preProject
		global.json = global.json
		README.md = README.md
	EndProjectSection
EndProject
Project("{8BB2217D-0F2D-49D1-97BC-3654ED321F3B}") = "SRP", "src\SRP\SRP.xproj", "{8ECE4F9A-DD46-4E5C-B194-5C36DA45E3B8}"
EndProject
Project("{8BB2217D-0F2D-49D1-97BC-3654ED321F3B}") = "SRP_Tests", "src\SRP_Tests\SRP_Tests.xproj", "{DCECA35A-BDD2-4A5F-92A6-7CE3385A3C52}"
EndProject
Project("{8BB2217D-0F2D-49D1-97BC-3654ED321F3B}") = "OCP", "OCP\OCP.xproj", "{D8EAF3EC-09F2-4246-B221-A0ECDD011F05}"
EndProject
Project("{8BB2217D-0F2D-49D1-97BC-3654ED321F3B}") = "OCP_Tests", "src\OCP_Tests\OCP_Tests.xproj", "{A5AEFFE7-692B-4206-B7C0-309E72F8248D}"
EndProject
Project("{8BB2217D-0F2D-49D1-97BC-3654ED321F3B}") = "LSP", "src\LSP\LSP.xproj", "{5CB4D634-49BA-4568-ADD0-450FE677F14A}"
EndProject
Project("{8BB2217D-0F2D-49D1-97BC-3654ED321F3B}") = "LSP_Tests", "src\LSP_Tests\LSP_Tests.xproj", "{DC76EEF5-16D4-4996-A6DE-9D1525AE7736}"
EndProject
Global
	GlobalSection(SolutionConfigurationPlatforms) = preSolution
		Debug|Any CPU = Debug|Any CPU
		Release|Any CPU = Release|Any CPU
	EndGlobalSection
	GlobalSection(ProjectConfigurationPlatforms) = postSolution
		{8ECE4F9A-DD46-4E5C-B194-5C36DA45E3B8}.Debug|Any CPU.ActiveCfg = Debug|Any CPU
		{8ECE4F9A-DD46-4E5C-B194-5C36DA45E3B8}.Debug|Any CPU.Build.0 = Debug|Any CPU
		{8ECE4F9A-DD46-4E5C-B194-5C36DA45E3B8}.Release|Any CPU.ActiveCfg = Release|Any CPU
		{8ECE4F9A-DD46-4E5C-B194-5C36DA45E3B8}.Release|Any CPU.Build.0 = Release|Any CPU
		{DCECA35A-BDD2-4A5F-92A6-7CE3385A3C52}.Debug|Any CPU.ActiveCfg = Debug|Any CPU
		{DCECA35A-BDD2-4A5F-92A6-7CE3385A3C52}.Debug|Any CPU.Build.0 = Debug|Any CPU
		{DCECA35A-BDD2-4A5F-92A6-7CE3385A3C52}.Release|Any CPU.ActiveCfg = Release|Any CPU
		{DCECA35A-BDD2-4A5F-92A6-7CE3385A3C52}.Release|Any CPU.Build.0 = Release|Any CPU
		{D8EAF3EC-09F2-4246-B221-A0ECDD011F05}.Debug|Any CPU.ActiveCfg = Debug|Any CPU
		{D8EAF3EC-09F2-4246-B221-A0ECDD011F05}.Debug|Any CPU.Build.0 = Debug|Any CPU
		{D8EAF3EC-09F2-4246-B221-A0ECDD011F05}.Release|Any CPU.ActiveCfg = Release|Any CPU
		{D8EAF3EC-09F2-4246-B221-A0ECDD011F05}.Release|Any CPU.Build.0 = Release|Any CPU
		{A5AEFFE7-692B-4206-B7C0-309E72F8248D}.Debug|Any CPU.ActiveCfg = Debug|Any CPU
		{A5AEFFE7-692B-4206-B7C0-309E72F8248D}.Debug|Any CPU.Build.0 = Debug|Any CPU
		{A5AEFFE7-692B-4206-B7C0-309E72F8248D}.Release|Any CPU.ActiveCfg = Release|Any CPU
		{A5AEFFE7-692B-4206-B7C0-309E72F8248D}.Release|Any CPU.Build.0 = Release|Any CPU
		{5CB4D634-49BA-4568-ADD0-450FE677F14A}.Debug|Any CPU.ActiveCfg = Debug|Any CPU
		{5CB4D634-49BA-4568-ADD0-450FE677F14A}.Debug|Any CPU.Build.0 = Debug|Any CPU
		{5CB4D634-49BA-4568-ADD0-450FE677F14A}.Release|Any CPU.ActiveCfg = Release|Any CPU
		{5CB4D634-49BA-4568-ADD0-450FE677F14A}.Release|Any CPU.Build.0 = Release|Any CPU
		{DC76EEF5-16D4-4996-A6DE-9D1525AE7736}.Debug|Any CPU.ActiveCfg = Debug|Any CPU
		{DC76EEF5-16D4-4996-A6DE-9D1525AE7736}.Debug|Any CPU.Build.0 = Debug|Any CPU
		{DC76EEF5-16D4-4996-A6DE-9D1525AE7736}.Release|Any CPU.ActiveCfg = Release|Any CPU
		{DC76EEF5-16D4-4996-A6DE-9D1525AE7736}.Release|Any CPU.Build.0 = Release|Any CPU
	EndGlobalSection
	GlobalSection(SolutionProperties) = preSolution
		HideSolutionNode = FALSE
	EndGlobalSection
	GlobalSection(NestedProjects) = preSolution
		{8ECE4F9A-DD46-4E5C-B194-5C36DA45E3B8} = {BF7A011E-D902-4D8E-B7CF-B47D75A594A6}
		{DCECA35A-BDD2-4A5F-92A6-7CE3385A3C52} = {BF7A011E-D902-4D8E-B7CF-B47D75A594A6}
		{D8EAF3EC-09F2-4246-B221-A0ECDD011F05} = {BF7A011E-D902-4D8E-B7CF-B47D75A594A6}
		{A5AEFFE7-692B-4206-B7C0-309E72F8248D} = {BF7A011E-D902-4D8E-B7CF-B47D75A594A6}
		{5CB4D634-49BA-4568-ADD0-450FE677F14A} = {BF7A011E-D902-4D8E-B7CF-B47D75A594A6}
		{DC76EEF5-16D4-4996-A6DE-9D1525AE7736} = {BF7A011E-D902-4D8E-B7CF-B47D75A594A6}
	EndGlobalSection
EndGlobal
